
Microsoft Visual Studio Solution File, Format Version 12.00
# Visual Studio Version 16
VisualStudioVersion = 16.0.30225.117
MinimumVisualStudioVersion = 10.0.40219.1
Project("{FAE04EC0-301F-11D3-BF4B-00C04F79EFBC}") = "TODOWebApplication", "TODOWebApplication.csproj", "{0D702D16-93A6-42A2-8021-F3C549FD5FCE}"
EndProject
Project("{FAE04EC0-301F-11D3-BF4B-00C04F79EFBC}") = "TODOHelperLibrary", "..\TODOHelperLibrary\TODOHelperLibrary.csproj", "{A39A8E5A-DDAB-48C2-88F9-5A57302D1B06}"
EndProject
Global
	GlobalSection(SolutionConfigurationPlatforms) = preSolution
		Debug|Any CPU = Debug|Any CPU
		Release|Any CPU = Release|Any CPU
	EndGlobalSection
	GlobalSection(ProjectConfigurationPlatforms) = postSolution
		{0D702D16-93A6-42A2-8021-F3C549FD5FCE}.Debug|Any CPU.ActiveCfg = Debug|Any CPU
		{0D702D16-93A6-42A2-8021-F3C549FD5FCE}.Debug|Any CPU.Build.0 = Debug|Any CPU
		{0D702D16-93A6-42A2-8021-F3C549FD5FCE}.Release|Any CPU.ActiveCfg = Release|Any CPU
		{0D702D16-93A6-42A2-8021-F3C549FD5FCE}.Release|Any CPU.Build.0 = Release|Any CPU
		{A39A8E5A-DDAB-48C2-88F9-5A57302D1B06}.Debug|Any CPU.ActiveCfg = Debug|Any CPU
		{A39A8E5A-DDAB-48C2-88F9-5A57302D1B06}.Debug|Any CPU.Build.0 = Debug|Any CPU
		{A39A8E5A-DDAB-48C2-88F9-5A57302D1B06}.Release|Any CPU.ActiveCfg = Release|Any CPU
		{A39A8E5A-DDAB-48C2-88F9-5A57302D1B06}.Release|Any CPU.Build.0 = Release|Any CPU
	EndGlobalSection
	GlobalSection(SolutionProperties) = preSolution
		HideSolutionNode = FALSE
	EndGlobalSection
	GlobalSection(ExtensibilityGlobals) = postSolution
		SolutionGuid = {180BADE5-14B1-4791-95F2-D2066474FAD0}
	EndGlobalSection
EndGlobal
